{
  "nodes": {
    "nixpkgs": {
      "locked": {
        "lastModified": 1651865313,
        "narHash": "sha256-fLnmcBaVpJukNIzXZETxtJKLSSTf4LnBCWa/DwyGJBU=",
        "owner": "NixOS",
        "repo": "nixpkgs",
        "rev": "ad667404474314806d8071eec4c8ec0db95c17e4",
        "type": "github"
      },
      "original": {
        "id": "nixpkgs",
        "ref": "nixos-21.11",
        "type": "indirect"
      }
    },
    "root": {
      "inputs": {
        "nixpkgs": "nixpkgs"
      }
    }
  },
  "root": "root",
  "version": 7
}
